
Microsoft Visual Studio Solution File, Format Version 12.00
# Visual Studio 2013
VisualStudioVersion = 12.0.40629.0
MinimumVisualStudioVersion = 10.0.40219.1
Project("{FAE04EC0-301F-11D3-BF4B-00C04F79EFBC}") = "Testing", "Testing\Testing.csproj", "{DAB027EE-FEE0-4BF8-B830-E0FC70D26037}"
EndProject
Project("{FAE04EC0-301F-11D3-BF4B-00C04F79EFBC}") = "UnitTestProject1", "UnitTestProject1\UnitTestProject1.csproj", "{FAD3864B-DB82-4320-8092-C418EC48B4D1}"
EndProject
Global
	GlobalSection(SolutionConfigurationPlatforms) = preSolution
		Debug|Any CPU = Debug|Any CPU
		Release|Any CPU = Release|Any CPU
	EndGlobalSection
	GlobalSection(ProjectConfigurationPlatforms) = postSolution
		{DAB027EE-FEE0-4BF8-B830-E0FC70D26037}.Debug|Any CPU.ActiveCfg = Debug|Any CPU
		{DAB027EE-FEE0-4BF8-B830-E0FC70D26037}.Debug|Any CPU.Build.0 = Debug|Any CPU
		{DAB027EE-FEE0-4BF8-B830-E0FC70D26037}.Release|Any CPU.ActiveCfg = Release|Any CPU
		{DAB027EE-FEE0-4BF8-B830-E0FC70D26037}.Release|Any CPU.Build.0 = Release|Any CPU
		{FAD3864B-DB82-4320-8092-C418EC48B4D1}.Debug|Any CPU.ActiveCfg = Debug|Any CPU
		{FAD3864B-DB82-4320-8092-C418EC48B4D1}.Debug|Any CPU.Build.0 = Debug|Any CPU
		{FAD3864B-DB82-4320-8092-C418EC48B4D1}.Release|Any CPU.ActiveCfg = Release|Any CPU
		{FAD3864B-DB82-4320-8092-C418EC48B4D1}.Release|Any CPU.Build.0 = Release|Any CPU
	EndGlobalSection
	GlobalSection(SolutionProperties) = preSolution
		HideSolutionNode = FALSE
	EndGlobalSection
EndGlobal
